
Microsoft Visual Studio Solution File, Format Version 12.00
# Visual Studio Version 17
VisualStudioVersion = 17.7.34031.279
MinimumVisualStudioVersion = 10.0.40219.1
Project("{FAE04EC0-301F-11D3-BF4B-00C04F79EFBC}") = "AgendaServicios.Web", "AgendaServicios.Web\AgendaServicios.Web.csproj", "{44D2AE4D-7901-4989-A815-538756308FA6}"
EndProject
Global
	GlobalSection(SolutionConfigurationPlatforms) = preSolution
		Debug|Any CPU = Debug|Any CPU
		Release|Any CPU = Release|Any CPU
	EndGlobalSection
	GlobalSection(ProjectConfigurationPlatforms) = postSolution
		{44D2AE4D-7901-4989-A815-538756308FA6}.Debug|Any CPU.ActiveCfg = Debug|Any CPU
		{44D2AE4D-7901-4989-A815-538756308FA6}.Debug|Any CPU.Build.0 = Debug|Any CPU
		{44D2AE4D-7901-4989-A815-538756308FA6}.Release|Any CPU.ActiveCfg = Release|Any CPU
		{44D2AE4D-7901-4989-A815-538756308FA6}.Release|Any CPU.Build.0 = Release|Any CPU
	EndGlobalSection
	GlobalSection(SolutionProperties) = preSolution
		HideSolutionNode = FALSE
	EndGlobalSection
	GlobalSection(ExtensibilityGlobals) = postSolution
		SolutionGuid = {5E194C72-9DEE-4A80-8BF7-976A7F0423A6}
	EndGlobalSection
EndGlobal
